
Microsoft Visual Studio Solution File, Format Version 12.00
# Visual Studio Version 17
VisualStudioVersion = 17.13.35825.156
MinimumVisualStudioVersion = 10.0.40219.1
Project("{FAE04EC0-301F-11D3-BF4B-00C04F79EFBC}") = "ICT3101_Calculator", "ICT3101_Calculator.csproj", "{4BE8E55E-CD50-4B87-B4BD-E8F861D8B16B}"
EndProject
Project("{FAE04EC0-301F-11D3-BF4B-00C04F79EFBC}") = "ICT3101_Calculator.UnitTests", "..\ICT3101_Calculator.UnitTests\ICT3101_Calculator.UnitTests.csproj", "{8DDF0584-7166-4A81-B5FC-64356980DADE}"
EndProject
Project("{FAE04EC0-301F-11D3-BF4B-00C04F79EFBC}") = "SpecFlowCalculatorTests", "..\SpecFlowCalculatorTests\SpecFlowCalculatorTests.csproj", "{FA35FF32-BB69-47C5-B753-D764D6C07447}"
EndProject
Global
	GlobalSection(SolutionConfigurationPlatforms) = preSolution
		Debug|Any CPU = Debug|Any CPU
		Release|Any CPU = Release|Any CPU
	EndGlobalSection
	GlobalSection(ProjectConfigurationPlatforms) = postSolution
		{4BE8E55E-CD50-4B87-B4BD-E8F861D8B16B}.Debug|Any CPU.ActiveCfg = Debug|Any CPU
		{4BE8E55E-CD50-4B87-B4BD-E8F861D8B16B}.Debug|Any CPU.Build.0 = Debug|Any CPU
		{4BE8E55E-CD50-4B87-B4BD-E8F861D8B16B}.Release|Any CPU.ActiveCfg = Release|Any CPU
		{4BE8E55E-CD50-4B87-B4BD-E8F861D8B16B}.Release|Any CPU.Build.0 = Release|Any CPU
		{8DDF0584-7166-4A81-B5FC-64356980DADE}.Debug|Any CPU.ActiveCfg = Debug|Any CPU
		{8DDF0584-7166-4A81-B5FC-64356980DADE}.Debug|Any CPU.Build.0 = Debug|Any CPU
		{8DDF0584-7166-4A81-B5FC-64356980DADE}.Release|Any CPU.ActiveCfg = Release|Any CPU
		{8DDF0584-7166-4A81-B5FC-64356980DADE}.Release|Any CPU.Build.0 = Release|Any CPU
		{FA35FF32-BB69-47C5-B753-D764D6C07447}.Debug|Any CPU.ActiveCfg = Debug|Any CPU
		{FA35FF32-BB69-47C5-B753-D764D6C07447}.Debug|Any CPU.Build.0 = Debug|Any CPU
		{FA35FF32-BB69-47C5-B753-D764D6C07447}.Release|Any CPU.ActiveCfg = Release|Any CPU
		{FA35FF32-BB69-47C5-B753-D764D6C07447}.Release|Any CPU.Build.0 = Release|Any CPU
	EndGlobalSection
	GlobalSection(SolutionProperties) = preSolution
		HideSolutionNode = FALSE
	EndGlobalSection
	GlobalSection(ExtensibilityGlobals) = postSolution
		SolutionGuid = {A2645EFF-FCB3-44F8-B767-B9999ECA406F}
	EndGlobalSection
EndGlobal
